{
  "requires": true,
  "lockfileVersion": 1,
  "dependencies": {
    "@types/dom-mediacapture-record": {
      "version": "1.0.7",
      "resolved": "https://registry.npmjs.org/@types/dom-mediacapture-record/-/dom-mediacapture-record-1.0.7.tgz",
      "integrity": "sha512-ddDIRTO1ajtbxaNo2o7fPJggpN54PZf1ZUJKOjto2ENMJE/9GKUvaw3ZRuQzlS/p0E+PnIcssxfoqYJ4yiXSBw==",
      "dev": true
    }
  }
}
